
Microsoft Visual Studio Solution File, Format Version 12.00
# Visual Studio Version 17
VisualStudioVersion = 17.13.35818.85
MinimumVisualStudioVersion = 10.0.40219.1
Project("{FAE04EC0-301F-11D3-BF4B-00C04F79EFBC}") = "SproutHub.Api", "SproutHub.Api\SproutHub.Api.csproj", "{880AF3D7-06DF-444F-852B-A70BCBFC8823}"
EndProject
Project("{FAE04EC0-301F-11D3-BF4B-00C04F79EFBC}") = "SproutHub.RpiListener", "SproutHub.RpiListener\SproutHub.RpiListener.csproj", "{2795BB7B-FC7B-4282-90A0-86CC0DA45EEF}"
EndProject
Global
	GlobalSection(SolutionConfigurationPlatforms) = preSolution
		Debug|Any CPU = Debug|Any CPU
		Release|Any CPU = Release|Any CPU
	EndGlobalSection
	GlobalSection(ProjectConfigurationPlatforms) = postSolution
		{880AF3D7-06DF-444F-852B-A70BCBFC8823}.Debug|Any CPU.ActiveCfg = Debug|Any CPU
		{880AF3D7-06DF-444F-852B-A70BCBFC8823}.Debug|Any CPU.Build.0 = Debug|Any CPU
		{880AF3D7-06DF-444F-852B-A70BCBFC8823}.Release|Any CPU.ActiveCfg = Release|Any CPU
		{880AF3D7-06DF-444F-852B-A70BCBFC8823}.Release|Any CPU.Build.0 = Release|Any CPU
		{2795BB7B-FC7B-4282-90A0-86CC0DA45EEF}.Debug|Any CPU.ActiveCfg = Debug|Any CPU
		{2795BB7B-FC7B-4282-90A0-86CC0DA45EEF}.Debug|Any CPU.Build.0 = Debug|Any CPU
		{2795BB7B-FC7B-4282-90A0-86CC0DA45EEF}.Release|Any CPU.ActiveCfg = Release|Any CPU
		{2795BB7B-FC7B-4282-90A0-86CC0DA45EEF}.Release|Any CPU.Build.0 = Release|Any CPU
	EndGlobalSection
	GlobalSection(SolutionProperties) = preSolution
		HideSolutionNode = FALSE
	EndGlobalSection
	GlobalSection(ExtensibilityGlobals) = postSolution
		SolutionGuid = {C10888DA-A07C-4991-AC7B-9257DAA3EB8C}
	EndGlobalSection
EndGlobal
